<?xml version="1.0" encoding="utf-8"?>
<Project ToolsVersion="4.0" xmlns="http://schemas.microsoft.com/developer/msbuild/2003">
  <ItemGroup>
    <Filter Include="Source Files">
      <UniqueIdentifier>{4FC737F1-C7A5-4376-A066-2A32D752A2FF}</UniqueIdentifier>
      <Extensions>cpp;c;cc;cxx;def;odl;idl;hpj;bat;asm;asmx</Extensions>
    </Filter>
    <Filter Include="Header Files">
      <UniqueIdentifier>{93995380-89BD-4b04-88EB-625FBE52EBFB}</UniqueIdentifier>
      <Extensions>h;hh;hpp;hxx;hm;inl;inc;xsd</Extensions>
    </Filter>
    <Filter Include="Resource Files">
      <UniqueIdentifier>{67DA6AB6-F800-4c08-8B7A-83BB121AAD01}</UniqueIdentifier>
      <Extensions>rc;ico;cur;bmp;dlg;rc2;rct;bin;rgs;gif;jpg;jpeg;jpe;resx;tiff;tif;png;wav;mfcribbon-ms</Extensions>
    </Filter>
  </ItemGroup>
  <ItemGroup>
    <ClCompile Include="MyForm.cpp">
      <Filter>Source Files</Filter>
    </ClCompile>
    <ClCompile Include="Kula.cpp">
      <Filter>Source Files</Filter>
    </ClCompile>
    <ClCompile Include="Pojemnik_na_bryly.cpp">
      <Filter>Source Files</Filter>
    </ClCompile>
    <ClCompile Include="Player_Ship.cpp">
      <Filter>Source Files</Filter>
    </ClCompile>
    <ClCompile Include="Keyboard_control.cpp">
      <Filter>Source Files</Filter>
    </ClCompile>
    <ClCompile Include="Bryla_3D.cpp">
      <Filter>Source Files</Filter>
    </ClCompile>
    <ClCompile Include="Szescian.cpp">
      <Filter>Source Files</Filter>
    </ClCompile>
    <ClCompile Include="Czworoscian.cpp">
      <Filter>Source Files</Filter>
    </ClCompile>
    <ClCompile Include="Walec.cpp">
      <Filter>Source Files</Filter>
    </ClCompile>
    <ClCompile Include="Strzal.cpp">
      <Filter>Source Files</Filter>
    </ClCompile>
    <ClCompile Include="Bryla_3D_bez_punktow.cpp">
      <Filter>Source Files</Filter>
    </ClCompile>
    <ClCompile Include="Shot.cpp">
      <Filter>Source Files</Filter>
    </ClCompile>
    <ClCompile Include="Intersections.cpp">
      <Filter>Source Files</Filter>
    </ClCompile>
    <ClCompile Include="Detect_Intersections.cpp">
      <Filter>Source Files</Filter>
    </ClCompile>
    <ClCompile Include="Enemy_Ships.cpp">
      <Filter>Source Files</Filter>
    </ClCompile>
    <ClCompile Include="Difficulty_and_level.cpp">
      <Filter>Source Files</Filter>
    </ClCompile>
    <ClCompile Include="Digits_on_screen.cpp">
      <Filter>Source Files</Filter>
    </ClCompile>
    <ClCompile Include="Letters_on_screen.cpp">
      <Filter>Source Files</Filter>
    </ClCompile>
    <ClCompile Include="Sign_on_screen.cpp">
      <Filter>Source Files</Filter>
    </ClCompile>
  </ItemGroup>
  <ItemGroup>
    <ClInclude Include="MyForm.h">
      <Filter>Header Files</Filter>
    </ClInclude>
    <ClInclude Include="Kula.h">
      <Filter>Header Files</Filter>
    </ClInclude>
    <ClInclude Include="resource.h">
      <Filter>Header Files</Filter>
    </ClInclude>
    <ClInclude Include="Pojemnik_na_bryly.h">
      <Filter>Header Files</Filter>
    </ClInclude>
    <ClInclude Include="Player_Ship.h">
      <Filter>Header Files</Filter>
    </ClInclude>
    <ClInclude Include="Keyboard_control.h">
      <Filter>Header Files</Filter>
    </ClInclude>
    <ClInclude Include="Bryla_3D.h">
      <Filter>Header Files</Filter>
    </ClInclude>
    <ClInclude Include="Szescian.h">
      <Filter>Header Files</Filter>
    </ClInclude>
    <ClInclude Include="Czworoscian.h">
      <Filter>Header Files</Filter>
    </ClInclude>
    <ClInclude Include="Walec.h">
      <Filter>Header Files</Filter>
    </ClInclude>
    <ClInclude Include="Strzal.h">
      <Filter>Header Files</Filter>
    </ClInclude>
    <ClInclude Include="Bryla_3D_bez_punktow.h">
      <Filter>Header Files</Filter>
    </ClInclude>
    <ClInclude Include="Shot.h">
      <Filter>Header Files</Filter>
    </ClInclude>
    <ClInclude Include="Intersections.h">
      <Filter>Header Files</Filter>
    </ClInclude>
    <ClInclude Include="Detect_Intersections.h">
      <Filter>Header Files</Filter>
    </ClInclude>
    <ClInclude Include="Enemy_Ships.h">
      <Filter>Header Files</Filter>
    </ClInclude>
    <ClInclude Include="Difficulty_and_level.h">
      <Filter>Header Files</Filter>
    </ClInclude>
    <ClInclude Include="Digits_on_screen.h">
      <Filter>Header Files</Filter>
    </ClInclude>
    <ClInclude Include="Letters_on_screen.h">
      <Filter>Header Files</Filter>
    </ClInclude>
    <ClInclude Include="Sign_on_screen.h">
      <Filter>Header Files</Filter>
    </ClInclude>
  </ItemGroup>
  <ItemGroup>
    <EmbeddedResource Include="MyForm.resx">
      <Filter>Resource Files</Filter>
    </EmbeddedResource>
    <EmbeddedResource Include="MyForm.en.resx">
      <Filter>Resource Files</Filter>
    </EmbeddedResource>
  </ItemGroup>
  <ItemGroup>
    <None Include="app.config" />
  </ItemGroup>
  <ItemGroup>
    <ResourceCompile Include="Shooter_FW2.rc">
      <Filter>Resource Files</Filter>
    </ResourceCompile>
  </ItemGroup>
</Project>